Microsoft Visual Studio Solution File, Format Version 11.00
# Visual Studio 2010
Project("{8BC9CEB8-8B4A-11D0-8D11-00A0C91BC942}") = "MFC", "MFC\MFC.vcxproj", "{4AE3E5CA-7BE0-4E16-BA7C-51CCF4EDFFA5}"
	ProjectSection(ProjectDependencies) = postProject
		{63A19511-D121-496D-B32D-D0B72FA4E677} = {63A19511-D121-496D-B32D-D0B72FA4E677}
		{D09AA13C-37B8-4D12-97FC-0CB849BCD79E} = {D09AA13C-37B8-4D12-97FC-0CB849BCD79E}
	EndProjectSection
EndProject
Project("{8BC9CEB8-8B4A-11D0-8D11-00A0C91BC942}") = "Unicode", "Unicode\Unicode.vcxproj", "{15A56D34-B1F8-4D93-AE59-F475062AF7DA}"
	ProjectSection(ProjectDependencies) = postProject
		{63A19511-D121-496D-B32D-D0B72FA4E677} = {63A19511-D121-496D-B32D-D0B72FA4E677}
		{D09AA13C-37B8-4D12-97FC-0CB849BCD79E} = {D09AA13C-37B8-4D12-97FC-0CB849BCD79E}
	EndProjectSection
EndProject
Project("{8BC9CEB8-8B4A-11D0-8D11-00A0C91BC942}") = "Syntax", "Syntax\Syntax.vcxproj", "{67FEA3B7-96EC-40ED-8FC0-4B87600FCECB}"
	ProjectSection(ProjectDependencies) = postProject
		{63A19511-D121-496D-B32D-D0B72FA4E677} = {63A19511-D121-496D-B32D-D0B72FA4E677}
		{D09AA13C-37B8-4D12-97FC-0CB849BCD79E} = {D09AA13C-37B8-4D12-97FC-0CB849BCD79E}
	EndProjectSection
EndProject
Project("{8BC9CEB8-8B4A-11D0-8D11-00A0C91BC942}") = "Basic", "Basic\Basic.vcxproj", "{F5EBAEB7-DFDD-4964-BC36-F93CA8513433}"
	ProjectSection(ProjectDependencies) = postProject
		{63A19511-D121-496D-B32D-D0B72FA4E677} = {63A19511-D121-496D-B32D-D0B72FA4E677}
		{D09AA13C-37B8-4D12-97FC-0CB849BCD79E} = {D09AA13C-37B8-4D12-97FC-0CB849BCD79E}
	EndProjectSection
EndProject
Project("{8BC9CEB8-8B4A-11D0-8D11-00A0C91BC942}") = "CSL", "CSL\CSL.vcxproj", "{423BA8D2-8F50-4B21-9035-334295CA81F5}"
	ProjectSection(ProjectDependencies) = postProject
		{63A19511-D121-496D-B32D-D0B72FA4E677} = {63A19511-D121-496D-B32D-D0B72FA4E677}
		{D09AA13C-37B8-4D12-97FC-0CB849BCD79E} = {D09AA13C-37B8-4D12-97FC-0CB849BCD79E}
	EndProjectSection
EndProject
Project("{8BC9CEB8-8B4A-11D0-8D11-00A0C91BC942}") = "TinyXML", "TinyXML\TinyXML.vcxproj", "{77BF2ED7-4FA4-460F-A69E-77C29D82A842}"
	ProjectSection(ProjectDependencies) = postProject
		{63A19511-D121-496D-B32D-D0B72FA4E677} = {63A19511-D121-496D-B32D-D0B72FA4E677}
		{D09AA13C-37B8-4D12-97FC-0CB849BCD79E} = {D09AA13C-37B8-4D12-97FC-0CB849BCD79E}
	EndProjectSection
EndProject
Project("{8BC9CEB8-8B4A-11D0-8D11-00A0C91BC942}") = "Qt", "Qt\Qt.vcxproj", "{67B74402-EA62-4C98-960D-ABE46210B33C}"
	ProjectSection(ProjectDependencies) = postProject
		{D09AA13C-37B8-4D12-97FC-0CB849BCD79E} = {D09AA13C-37B8-4D12-97FC-0CB849BCD79E}
	EndProjectSection
EndProject
Project("{8BC9CEB8-8B4A-11D0-8D11-00A0C91BC942}") = "lua5.1", "lua5.1\lua5.1.vcxproj", "{63A19511-D121-496D-B32D-D0B72FA4E677}"
EndProject
Project("{8BC9CEB8-8B4A-11D0-8D11-00A0C91BC942}") = "lua5.2", "lua5.2\lua5.2.vcxproj", "{D09AA13C-37B8-4D12-97FC-0CB849BCD79E}"
EndProject
Global
	GlobalSection(SolutionConfigurationPlatforms) = preSolution
		Debug|Win32 = Debug|Win32
		Debug|x64 = Debug|x64
		Release|Win32 = Release|Win32
		Release|x64 = Release|x64
	EndGlobalSection
	GlobalSection(ProjectConfigurationPlatforms) = postSolution
		{4AE3E5CA-7BE0-4E16-BA7C-51CCF4EDFFA5}.Debug|Win32.ActiveCfg = Debug|Win32
		{4AE3E5CA-7BE0-4E16-BA7C-51CCF4EDFFA5}.Debug|x64.ActiveCfg = Debug|x64
		{4AE3E5CA-7BE0-4E16-BA7C-51CCF4EDFFA5}.Debug|x64.Build.0 = Debug|x64
		{4AE3E5CA-7BE0-4E16-BA7C-51CCF4EDFFA5}.Release|Win32.ActiveCfg = Release|Win32
		{4AE3E5CA-7BE0-4E16-BA7C-51CCF4EDFFA5}.Release|Win32.Build.0 = Release|Win32
		{4AE3E5CA-7BE0-4E16-BA7C-51CCF4EDFFA5}.Release|x64.ActiveCfg = Release|x64
		{4AE3E5CA-7BE0-4E16-BA7C-51CCF4EDFFA5}.Release|x64.Build.0 = Release|x64
		{15A56D34-B1F8-4D93-AE59-F475062AF7DA}.Debug|Win32.ActiveCfg = Debug|Win32
		{15A56D34-B1F8-4D93-AE59-F475062AF7DA}.Debug|Win32.Build.0 = Debug|Win32
		{15A56D34-B1F8-4D93-AE59-F475062AF7DA}.Debug|x64.ActiveCfg = Debug|x64
		{15A56D34-B1F8-4D93-AE59-F475062AF7DA}.Debug|x64.Build.0 = Debug|x64
		{15A56D34-B1F8-4D93-AE59-F475062AF7DA}.Release|Win32.ActiveCfg = Release|Win32
		{15A56D34-B1F8-4D93-AE59-F475062AF7DA}.Release|Win32.Build.0 = Release|Win32
		{15A56D34-B1F8-4D93-AE59-F475062AF7DA}.Release|x64.ActiveCfg = Release|x64
		{15A56D34-B1F8-4D93-AE59-F475062AF7DA}.Release|x64.Build.0 = Release|x64
		{67FEA3B7-96EC-40ED-8FC0-4B87600FCECB}.Debug|Win32.ActiveCfg = Debug|Win32
		{67FEA3B7-96EC-40ED-8FC0-4B87600FCECB}.Debug|x64.ActiveCfg = Debug|x64
		{67FEA3B7-96EC-40ED-8FC0-4B87600FCECB}.Debug|x64.Build.0 = Debug|x64
		{67FEA3B7-96EC-40ED-8FC0-4B87600FCECB}.Release|Win32.ActiveCfg = Release|Win32
		{67FEA3B7-96EC-40ED-8FC0-4B87600FCECB}.Release|Win32.Build.0 = Release|Win32
		{67FEA3B7-96EC-40ED-8FC0-4B87600FCECB}.Release|x64.ActiveCfg = Release|x64
		{67FEA3B7-96EC-40ED-8FC0-4B87600FCECB}.Release|x64.Build.0 = Release|x64
		{F5EBAEB7-DFDD-4964-BC36-F93CA8513433}.Debug|Win32.ActiveCfg = Debug|Win32
		{F5EBAEB7-DFDD-4964-BC36-F93CA8513433}.Debug|x64.ActiveCfg = Debug|x64
		{F5EBAEB7-DFDD-4964-BC36-F93CA8513433}.Debug|x64.Build.0 = Debug|x64
		{F5EBAEB7-DFDD-4964-BC36-F93CA8513433}.Release|Win32.ActiveCfg = Release|Win32
		{F5EBAEB7-DFDD-4964-BC36-F93CA8513433}.Release|Win32.Build.0 = Release|Win32
		{F5EBAEB7-DFDD-4964-BC36-F93CA8513433}.Release|x64.ActiveCfg = Release|x64
		{F5EBAEB7-DFDD-4964-BC36-F93CA8513433}.Release|x64.Build.0 = Release|x64
		{423BA8D2-8F50-4B21-9035-334295CA81F5}.Debug|Win32.ActiveCfg = Debug|Win32
		{423BA8D2-8F50-4B21-9035-334295CA81F5}.Debug|x64.ActiveCfg = Debug|x64
		{423BA8D2-8F50-4B21-9035-334295CA81F5}.Debug|x64.Build.0 = Debug|x64
		{423BA8D2-8F50-4B21-9035-334295CA81F5}.Release|Win32.ActiveCfg = Release|Win32
		{423BA8D2-8F50-4B21-9035-334295CA81F5}.Release|Win32.Build.0 = Release|Win32
		{423BA8D2-8F50-4B21-9035-334295CA81F5}.Release|x64.ActiveCfg = Release|x64
		{423BA8D2-8F50-4B21-9035-334295CA81F5}.Release|x64.Build.0 = Release|x64
		{77BF2ED7-4FA4-460F-A69E-77C29D82A842}.Debug|Win32.ActiveCfg = Debug|Win32
		{77BF2ED7-4FA4-460F-A69E-77C29D82A842}.Debug|x64.ActiveCfg = Debug|x64
		{77BF2ED7-4FA4-460F-A69E-77C29D82A842}.Debug|x64.Build.0 = Debug|x64
		{77BF2ED7-4FA4-460F-A69E-77C29D82A842}.Release|Win32.ActiveCfg = Release|Win32
		{77BF2ED7-4FA4-460F-A69E-77C29D82A842}.Release|Win32.Build.0 = Release|Win32
		{77BF2ED7-4FA4-460F-A69E-77C29D82A842}.Release|x64.ActiveCfg = Release|x64
		{77BF2ED7-4FA4-460F-A69E-77C29D82A842}.Release|x64.Build.0 = Release|x64
		{67B74402-EA62-4C98-960D-ABE46210B33C}.Debug|Win32.ActiveCfg = Debug|Win32
		{67B74402-EA62-4C98-960D-ABE46210B33C}.Debug|Win32.Build.0 = Debug|Win32
		{67B74402-EA62-4C98-960D-ABE46210B33C}.Debug|x64.ActiveCfg = Debug|x64
		{67B74402-EA62-4C98-960D-ABE46210B33C}.Debug|x64.Build.0 = Debug|x64
		{67B74402-EA62-4C98-960D-ABE46210B33C}.Release|Win32.ActiveCfg = Release|Win32
		{67B74402-EA62-4C98-960D-ABE46210B33C}.Release|Win32.Build.0 = Release|Win32
		{67B74402-EA62-4C98-960D-ABE46210B33C}.Release|x64.ActiveCfg = Release|x64
		{67B74402-EA62-4C98-960D-ABE46210B33C}.Release|x64.Build.0 = Release|x64
		{63A19511-D121-496D-B32D-D0B72FA4E677}.Debug|Win32.ActiveCfg = Debug|Win32
		{63A19511-D121-496D-B32D-D0B72FA4E677}.Debug|Win32.Build.0 = Debug|Win32
		{63A19511-D121-496D-B32D-D0B72FA4E677}.Debug|x64.ActiveCfg = Debug|x64
		{63A19511-D121-496D-B32D-D0B72FA4E677}.Debug|x64.Build.0 = Debug|x64
		{63A19511-D121-496D-B32D-D0B72FA4E677}.Release|Win32.ActiveCfg = Release|Win32
		{63A19511-D121-496D-B32D-D0B72FA4E677}.Release|Win32.Build.0 = Release|Win32
		{63A19511-D121-496D-B32D-D0B72FA4E677}.Release|x64.ActiveCfg = Release|x64
		{63A19511-D121-496D-B32D-D0B72FA4E677}.Release|x64.Build.0 = Release|x64
		{D09AA13C-37B8-4D12-97FC-0CB849BCD79E}.Debug|Win32.ActiveCfg = Debug|Win32
		{D09AA13C-37B8-4D12-97FC-0CB849BCD79E}.Debug|Win32.Build.0 = Debug|Win32
		{D09AA13C-37B8-4D12-97FC-0CB849BCD79E}.Debug|x64.ActiveCfg = Debug|x64
		{D09AA13C-37B8-4D12-97FC-0CB849BCD79E}.Debug|x64.Build.0 = Debug|x64
		{D09AA13C-37B8-4D12-97FC-0CB849BCD79E}.Release|Win32.ActiveCfg = Release|Win32
		{D09AA13C-37B8-4D12-97FC-0CB849BCD79E}.Release|Win32.Build.0 = Release|Win32
		{D09AA13C-37B8-4D12-97FC-0CB849BCD79E}.Release|x64.ActiveCfg = Release|x64
		{D09AA13C-37B8-4D12-97FC-0CB849BCD79E}.Release|x64.Build.0 = Release|x64
	EndGlobalSection
	GlobalSection(SolutionProperties) = preSolution
		HideSolutionNode = FALSE
	EndGlobalSection
EndGlobal
